
Microsoft Visual Studio Solution File, Format Version 12.00
# Visual Studio Version 17
VisualStudioVersion = 17.3.32819.101
MinimumVisualStudioVersion = 10.0.40219.1
Project("{FAE04EC0-301F-11D3-BF4B-00C04F79EFBC}") = "Pracrica2programa1", "Pracrica2programa1.csproj", "{913ED2E9-2204-4313-9330-240B5CD8C1A0}"
EndProject
Global
	GlobalSection(SolutionConfigurationPlatforms) = preSolution
		Debug|Any CPU = Debug|Any CPU
		Release|Any CPU = Release|Any CPU
	EndGlobalSection
	GlobalSection(ProjectConfigurationPlatforms) = postSolution
		{913ED2E9-2204-4313-9330-240B5CD8C1A0}.Debug|Any CPU.ActiveCfg = Debug|Any CPU
		{913ED2E9-2204-4313-9330-240B5CD8C1A0}.Debug|Any CPU.Build.0 = Debug|Any CPU
		{913ED2E9-2204-4313-9330-240B5CD8C1A0}.Release|Any CPU.ActiveCfg = Release|Any CPU
		{913ED2E9-2204-4313-9330-240B5CD8C1A0}.Release|Any CPU.Build.0 = Release|Any CPU
	EndGlobalSection
	GlobalSection(SolutionProperties) = preSolution
		HideSolutionNode = FALSE
	EndGlobalSection
	GlobalSection(ExtensibilityGlobals) = postSolution
		SolutionGuid = {E4A356EC-0BFA-496F-97AF-981B01F2DF91}
	EndGlobalSection
EndGlobal
