
Microsoft Visual Studio Solution File, Format Version 12.00
# Visual Studio Version 17
VisualStudioVersion = 17.3.32819.101
MinimumVisualStudioVersion = 10.0.40219.1
Project("{FAE04EC0-301F-11D3-BF4B-00C04F79EFBC}") = "ConsoleApp2", "ConsoleApp2.csproj", "{AAC474A8-29D4-413E-97C3-19FB6FB15864}"
EndProject
Global
	GlobalSection(SolutionConfigurationPlatforms) = preSolution
		Debug|Any CPU = Debug|Any CPU
		Release|Any CPU = Release|Any CPU
	EndGlobalSection
	GlobalSection(ProjectConfigurationPlatforms) = postSolution
		{AAC474A8-29D4-413E-97C3-19FB6FB15864}.Debug|Any CPU.ActiveCfg = Debug|Any CPU
		{AAC474A8-29D4-413E-97C3-19FB6FB15864}.Debug|Any CPU.Build.0 = Debug|Any CPU
		{AAC474A8-29D4-413E-97C3-19FB6FB15864}.Release|Any CPU.ActiveCfg = Release|Any CPU
		{AAC474A8-29D4-413E-97C3-19FB6FB15864}.Release|Any CPU.Build.0 = Release|Any CPU
	EndGlobalSection
	GlobalSection(SolutionProperties) = preSolution
		HideSolutionNode = FALSE
	EndGlobalSection
	GlobalSection(ExtensibilityGlobals) = postSolution
		SolutionGuid = {FEC0239B-B776-485E-A988-7F80C2FA5BBA}
	EndGlobalSection
EndGlobal
