
Microsoft Visual Studio Solution File, Format Version 12.00
# Visual Studio Version 17
VisualStudioVersion = 17.3.32819.101
MinimumVisualStudioVersion = 10.0.40219.1
Project("{FAE04EC0-301F-11D3-BF4B-00C04F79EFBC}") = "Practica3ejer1", "Practica3ejer1.csproj", "{CA2B826E-A099-4725-8374-8A33CFA44F26}"
EndProject
Global
	GlobalSection(SolutionConfigurationPlatforms) = preSolution
		Debug|Any CPU = Debug|Any CPU
		Release|Any CPU = Release|Any CPU
	EndGlobalSection
	GlobalSection(ProjectConfigurationPlatforms) = postSolution
		{CA2B826E-A099-4725-8374-8A33CFA44F26}.Debug|Any CPU.ActiveCfg = Debug|Any CPU
		{CA2B826E-A099-4725-8374-8A33CFA44F26}.Debug|Any CPU.Build.0 = Debug|Any CPU
		{CA2B826E-A099-4725-8374-8A33CFA44F26}.Release|Any CPU.ActiveCfg = Release|Any CPU
		{CA2B826E-A099-4725-8374-8A33CFA44F26}.Release|Any CPU.Build.0 = Release|Any CPU
	EndGlobalSection
	GlobalSection(SolutionProperties) = preSolution
		HideSolutionNode = FALSE
	EndGlobalSection
	GlobalSection(ExtensibilityGlobals) = postSolution
		SolutionGuid = {7D1E3352-B091-45C6-8964-9C666FDDF8B9}
	EndGlobalSection
EndGlobal
